// !$*UTF8*$!
{
	archiveVersion = 1;
	classes = {
	};
	objectVersion = 56;
	objects = {

/* Begin PBXBuildFile section */
		3A23603F2A360B8000B2C7AF /* hnewsApp.swift in Sources */ = {isa = PBXBuildFile; fileRef = 3A23603E2A360B8000B2C7AF /* hnewsApp.swift */; };
		3A2360412A360B8000B2C7AF /* ContentView.swift in Sources */ = {isa = PBXBuildFile; fileRef = 3A2360402A360B8000B2C7AF /* ContentView.swift */; };
		3A2360432A360B8300B2C7AF /* Assets.xcassets in Resources */ = {isa = PBXBuildFile; fileRef = 3A2360422A360B8300B2C7AF /* Assets.xcassets */; };
		3A2360462A360B8300B2C7AF /* Preview Assets.xcassets in Resources */ = {isa = PBXBuildFile; fileRef = 3A2360452A360B8300B2C7AF /* Preview Assets.xcassets */; };
		3A23604E2A360ECC00B2C7AF /* NetworkManager.swift in Sources */ = {isa = PBXBuildFile; fileRef = 3A23604D2A360ECC00B2C7AF /* NetworkManager.swift */; };
		3A2360502A36107700B2C7AF /* PostData.swift in Sources */ = {isa = PBXBuildFile; fileRef = 3A23604F2A36107700B2C7AF /* PostData.swift */; };
		3A2360532A3616EC00B2C7AF /* DetailView.swift in Sources */ = {isa = PBXBuildFile; fileRef = 3A2360522A3616EC00B2C7AF /* DetailView.swift */; };
		3A2360552A3619CD00B2C7AF /* WebView.swift in Sources */ = {isa = PBXBuildFile; fileRef = 3A2360542A3619CD00B2C7AF /* WebView.swift */; };
/* End PBXBuildFile section */

/* Begin PBXFileReference section */
		3A23603B2A360B8000B2C7AF /* hnews.app */ = {isa = PBXFileReference; explicitFileType = wrapper.application; includeInIndex = 0; path = hnews.app; sourceTree = BUILT_PRODUCTS_DIR; };
		3A23603E2A360B8000B2C7AF /* hnewsApp.swift */ = {isa = PBXFileReference; lastKnownFileType = sourcecode.swift; path = hnewsApp.swift; sourceTree = "<group>"; };
		3A2360402A360B8000B2C7AF /* ContentView.swift */ = {isa = PBXFileReference; lastKnownFileType = sourcecode.swift; path = ContentView.swift; sourceTree = "<group>"; };
		3A2360422A360B8300B2C7AF /* Assets.xcassets */ = {isa = PBXFileReference; lastKnownFileType = folder.assetcatalog; path = Assets.xcassets; sourceTree = "<group>"; };
		3A2360452A360B8300B2C7AF /* Preview Assets.xcassets */ = {isa = PBXFileReference; lastKnownFileType = folder.assetcatalog; path = "Preview Assets.xcassets"; sourceTree = "<group>"; };
		3A23604D2A360ECC00B2C7AF /* NetworkManager.swift */ = {isa = PBXFileReference; lastKnownFileType = sourcecode.swift; path = NetworkManager.swift; sourceTree = "<group>"; };
		3A23604F2A36107700B2C7AF /* PostData.swift */ = {isa = PBXFileReference; lastKnownFileType = sourcecode.swift; path = PostData.swift; sourceTree = "<group>"; };
		3A2360522A3616EC00B2C7AF /* DetailView.swift */ = {isa = PBXFileReference; lastKnownFileType = sourcecode.swift; path = DetailView.swift; sourceTree = "<group>"; };
		3A2360542A3619CD00B2C7AF /* WebView.swift */ = {isa = PBXFileReference; lastKnownFileType = sourcecode.swift; path = WebView.swift; sourceTree = "<group>"; };
/* End PBXFileReference section */

/* Begin PBXFrameworksBuildPhase section */
		3A2360382A360B8000B2C7AF /* Frameworks */ = {
			isa = PBXFrameworksBuildPhase;
			buildActionMask = 2147483647;
			files = (
			);
			runOnlyForDeploymentPostprocessing = 0;
		};
/* End PBXFrameworksBuildPhase section */

/* Begin PBXGroup section */
		3A2360322A360B8000B2C7AF = {
			isa = PBXGroup;
			children = (
				3A23603D2A360B8000B2C7AF /* hnews */,
				3A23603C2A360B8000B2C7AF /* Products */,
			);
			sourceTree = "<group>";
		};
		3A23603C2A360B8000B2C7AF /* Products */ = {
			isa = PBXGroup;
			children = (
				3A23603B2A360B8000B2C7AF /* hnews.app */,
			);
			name = Products;
			sourceTree = "<group>";
		};
		3A23603D2A360B8000B2C7AF /* hnews */ = {
			isa = PBXGroup;
			children = (
				3A23604C2A360EAB00B2C7AF /* Models */,
				3A23603E2A360B8000B2C7AF /* hnewsApp.swift */,
				3A2360512A3616C100B2C7AF /* Views */,
				3A2360422A360B8300B2C7AF /* Assets.xcassets */,
				3A2360442A360B8300B2C7AF /* Preview Content */,
			);
			path = hnews;
			sourceTree = "<group>";
		};
		3A2360442A360B8300B2C7AF /* Preview Content */ = {
			isa = PBXGroup;
			children = (
				3A2360452A360B8300B2C7AF /* Preview Assets.xcassets */,
			);
			path = "Preview Content";
			sourceTree = "<group>";
		};
		3A23604C2A360EAB00B2C7AF /* Models */ = {
			isa = PBXGroup;
			children = (
				3A23604D2A360ECC00B2C7AF /* NetworkManager.swift */,
				3A23604F2A36107700B2C7AF /* PostData.swift */,
			);
			path = Models;
			sourceTree = "<group>";
		};
		3A2360512A3616C100B2C7AF /* Views */ = {
			isa = PBXGroup;
			children = (
				3A2360402A360B8000B2C7AF /* ContentView.swift */,
				3A2360522A3616EC00B2C7AF /* DetailView.swift */,
				3A2360542A3619CD00B2C7AF /* WebView.swift */,
			);
			path = Views;
			sourceTree = "<group>";
		};
/* End PBXGroup section */

/* Begin PBXNativeTarget section */
		3A23603A2A360B8000B2C7AF /* hnews */ = {
			isa = PBXNativeTarget;
			buildConfigurationList = 3A2360492A360B8300B2C7AF /* Build configuration list for PBXNativeTarget "hnews" */;
			buildPhases = (
				3A2360372A360B8000B2C7AF /* Sources */,
				3A2360382A360B8000B2C7AF /* Frameworks */,
				3A2360392A360B8000B2C7AF /* Resources */,
			);
			buildRules = (
			);
			dependencies = (
			);
			name = hnews;
			productName = hnews;
			productReference = 3A23603B2A360B8000B2C7AF /* hnews.app */;
			productType = "com.apple.product-type.application";
		};
/* End PBXNativeTarget section */

/* Begin PBXProject section */
		3A2360332A360B8000B2C7AF /* Project object */ = {
			isa = PBXProject;
			attributes = {
				BuildIndependentTargetsInParallel = 1;
				LastSwiftUpdateCheck = 1420;
				LastUpgradeCheck = 1420;
				TargetAttributes = {
					3A23603A2A360B8000B2C7AF = {
						CreatedOnToolsVersion = 14.2;
					};
				};
			};
			buildConfigurationList = 3A2360362A360B8000B2C7AF /* Build configuration list for PBXProject "hnews" */;
			compatibilityVersion = "Xcode 14.0";
			developmentRegion = en;
			hasScannedForEncodings = 0;
			knownRegions = (
				en,
				Base,
			);
			mainGroup = 3A2360322A360B8000B2C7AF;
			productRefGroup = 3A23603C2A360B8000B2C7AF /* Products */;
			projectDirPath = "";
			projectRoot = "";
			targets = (
				3A23603A2A360B8000B2C7AF /* hnews */,
			);
		};
/* End PBXProject section */

/* Begin PBXResourcesBuildPhase section */
		3A2360392A360B8000B2C7AF /* Resources */ = {
			isa = PBXResourcesBuildPhase;
			buildActionMask = 2147483647;
			files = (
				3A2360462A360B8300B2C7AF /* Preview Assets.xcassets in Resources */,
				3A2360432A360B8300B2C7AF /* Assets.xcassets in Resources */,
			);
			runOnlyForDeploymentPostprocessing = 0;
		};
/* End PBXResourcesBuildPhase section */

/* Begin PBXSourcesBuildPhase section */
		3A2360372A360B8000B2C7AF /* Sources */ = {
			isa = PBXSourcesBuildPhase;
			buildActionMask = 2147483647;
			files = (
				3A23604E2A360ECC00B2C7AF /* NetworkManager.swift in Sources */,
				3A2360502A36107700B2C7AF /* PostData.swift in Sources */,
				3A2360412A360B8000B2C7AF /* ContentView.swift in Sources */,
				3A2360552A3619CD00B2C7AF /* WebView.swift in Sources */,
				3A2360532A3616EC00B2C7AF /* DetailView.swift in Sources */,
				3A23603F2A360B8000B2C7AF /* hnewsApp.swift in Sources */,
			);
			runOnlyForDeploymentPostprocessing = 0;
		};
/* End PBXSourcesBuildPhase section */

/* Begin XCBuildConfiguration section */
		3A2360472A360B8300B2C7AF /* Debug */ = {
			isa = XCBuildConfiguration;
			buildSettings = {
				ALWAYS_SEARCH_USER_PATHS = NO;
				CLANG_ANALYZER_NONNULL = YES;
				CLANG_ANALYZER_NUMBER_OBJECT_CONVERSION = YES_AGGRESSIVE;
				CLANG_CXX_LANGUAGE_STANDARD = "gnu++20";
				CLANG_ENABLE_MODULES = YES;
				CLANG_ENABLE_OBJC_ARC = YES;
				CLANG_ENABLE_OBJC_WEAK = YES;
				CLANG_WARN_BLOCK_CAPTURE_AUTORELEASING = YES;
				CLANG_WARN_BOOL_CONVERSION = YES;
				CLANG_WARN_COMMA = YES;
				CLANG_WARN_CONSTANT_CONVERSION = YES;
				CLANG_WARN_DEPRECATED_OBJC_IMPLEMENTATIONS = YES;
				CLANG_WARN_DIRECT_OBJC_ISA_USAGE = YES_ERROR;
				CLANG_WARN_DOCUMENTATION_COMMENTS = YES;
				CLANG_WARN_EMPTY_BODY = YES;
				CLANG_WARN_ENUM_CONVERSION = YES;
				CLANG_WARN_INFINITE_RECURSION = YES;
				CLANG_WARN_INT_CONVERSION = YES;
				CLANG_WARN_NON_LITERAL_NULL_CONVERSION = YES;
				CLANG_WARN_OBJC_IMPLICIT_RETAIN_SELF = YES;
				CLANG_WARN_OBJC_LITERAL_CONVERSION = YES;
				CLANG_WARN_OBJC_ROOT_CLASS = YES_ERROR;
				CLANG_WARN_QUOTED_INCLUDE_IN_FRAMEWORK_HEADER = YES;
				CLANG_WARN_RANGE_LOOP_ANALYSIS = YES;
				CLANG_WARN_STRICT_PROTOTYPES = YES;
				CLANG_WARN_SUSPICIOUS_MOVE = YES;
				CLANG_WARN_UNGUARDED_AVAILABILITY = YES_AGGRESSIVE;
				CLANG_WARN_UNREACHABLE_CODE = YES;
				CLANG_WARN__DUPLICATE_METHOD_MATCH = YES;
				COPY_PHASE_STRIP = NO;
				DEBUG_INFORMATION_FORMAT = dwarf;
				ENABLE_STRICT_OBJC_MSGSEND = YES;
				ENABLE_TESTABILITY = YES;
				GCC_C_LANGUAGE_STANDARD = gnu11;
				GCC_DYNAMIC_NO_PIC = NO;
				GCC_NO_COMMON_BLOCKS = YES;
				GCC_OPTIMIZATION_LEVEL = 0;
				GCC_PREPROCESSOR_DEFINITIONS = (
					"DEBUG=1",
					"$(inherited)",
				);
				GCC_WARN_64_TO_32_BIT_CONVERSION = YES;
				GCC_WARN_ABOUT_RETURN_TYPE = YES_ERROR;
				GCC_WARN_UNDECLARED_SELECTOR = YES;
				GCC_WARN_UNINITIALIZED_AUTOS = YES_AGGRESSIVE;
				GCC_WARN_UNUSED_FUNCTION = YES;
				GCC_WARN_UNUSED_VARIABLE = YES;
				IPHONEOS_DEPLOYMENT_TARGET = 16.2;
				MTL_ENABLE_DEBUG_INFO = INCLUDE_SOURCE;
				MTL_FAST_MATH = YES;
				ONLY_ACTIVE_ARCH = YES;
				SDKROOT = iphoneos;
				SWIFT_ACTIVE_COMPILATION_CONDITIONS = DEBUG;
				SWIFT_OPTIMIZATION_LEVEL = "-Onone";
			};
			name = Debug;
		};
		3A2360482A360B8300B2C7AF /* Release */ = {
			isa = XCBuildConfiguration;
			buildSettings = {
				ALWAYS_SEARCH_USER_PATHS = NO;
				CLANG_ANALYZER_NONNULL = YES;
				CLANG_ANALYZER_NUMBER_OBJECT_CONVERSION = YES_AGGRESSIVE;
				CLANG_CXX_LANGUAGE_STANDARD = "gnu++20";
				CLANG_ENABLE_MODULES = YES;
				CLANG_ENABLE_OBJC_ARC = YES;
				CLANG_ENABLE_OBJC_WEAK = YES;
				CLANG_WARN_BLOCK_CAPTURE_AUTORELEASING = YES;
				CLANG_WARN_BOOL_CONVERSION = YES;
				CLANG_WARN_COMMA = YES;
				CLANG_WARN_CONSTANT_CONVERSION = YES;
				CLANG_WARN_DEPRECATED_OBJC_IMPLEMENTATIONS = YES;
				CLANG_WARN_DIRECT_OBJC_ISA_USAGE = YES_ERROR;
				CLANG_WARN_DOCUMENTATION_COMMENTS = YES;
				CLANG_WARN_EMPTY_BODY = YES;
				CLANG_WARN_ENUM_CONVERSION = YES;
				CLANG_WARN_INFINITE_RECURSION = YES;
				CLANG_WARN_INT_CONVERSION = YES;
				CLANG_WARN_NON_LITERAL_NULL_CONVERSION = YES;
				CLANG_WARN_OBJC_IMPLICIT_RETAIN_SELF = YES;
				CLANG_WARN_OBJC_LITERAL_CONVERSION = YES;
				CLANG_WARN_OBJC_ROOT_CLASS = YES_ERROR;
				CLANG_WARN_QUOTED_INCLUDE_IN_FRAMEWORK_HEADER = YES;
				CLANG_WARN_RANGE_LOOP_ANALYSIS = YES;
				CLANG_WARN_STRICT_PROTOTYPES = YES;
				CLANG_WARN_SUSPICIOUS_MOVE = YES;
				CLANG_WARN_UNGUARDED_AVAILABILITY = YES_AGGRESSIVE;
				CLANG_WARN_UNREACHABLE_CODE = YES;
				CLANG_WARN__DUPLICATE_METHOD_MATCH = YES;
				COPY_PHASE_STRIP = NO;
				DEBUG_INFORMATION_FORMAT = "dwarf-with-dsym";
				ENABLE_NS_ASSERTIONS = NO;
				ENABLE_STRICT_OBJC_MSGSEND = YES;
				GCC_C_LANGUAGE_STANDARD = gnu11;
				GCC_NO_COMMON_BLOCKS = YES;
				GCC_WARN_64_TO_32_BIT_CONVERSION = YES;
				GCC_WARN_ABOUT_RETURN_TYPE = YES_ERROR;
				GCC_WARN_UNDECLARED_SELECTOR = YES;
				GCC_WARN_UNINITIALIZED_AUTOS = YES_AGGRESSIVE;
				GCC_WARN_UNUSED_FUNCTION = YES;
				GCC_WARN_UNUSED_VARIABLE = YES;
				IPHONEOS_DEPLOYMENT_TARGET = 16.2;
				MTL_ENABLE_DEBUG_INFO = NO;
				MTL_FAST_MATH = YES;
				SDKROOT = iphoneos;
				SWIFT_COMPILATION_MODE = wholemodule;
				SWIFT_OPTIMIZATION_LEVEL = "-O";
				VALIDATE_PRODUCT = YES;
			};
			name = Release;
		};
		3A23604A2A360B8300B2C7AF /* Debug */ = {
			isa = XCBuildConfiguration;
			buildSettings = {
				ASSETCATALOG_COMPILER_APPICON_NAME = AppIcon;
				ASSETCATALOG_COMPILER_GLOBAL_ACCENT_COLOR_NAME = AccentColor;
				CODE_SIGN_STYLE = Automatic;
				CURRENT_PROJECT_VERSION = 1;
				DEVELOPMENT_ASSET_PATHS = "\"hnews/Preview Content\"";
				DEVELOPMENT_TEAM = KZVVB3HV42;
				ENABLE_PREVIEWS = YES;
				GENERATE_INFOPLIST_FILE = YES;
				INFOPLIST_KEY_UIApplicationSceneManifest_Generation = YES;
				INFOPLIST_KEY_UIApplicationSupportsIndirectInputEvents = YES;
				INFOPLIST_KEY_UILaunchScreen_Generation = YES;
				INFOPLIST_KEY_UISupportedInterfaceOrientations_iPad = "UIInterfaceOrientationPortrait UIInterfaceOrientationPortraitUpsideDown UIInterfaceOrientationLandscapeLeft UIInterfaceOrientationLandscapeRight";
				INFOPLIST_KEY_UISupportedInterfaceOrientations_iPhone = "UIInterfaceOrientationPortrait UIInterfaceOrientationLandscapeLeft UIInterfaceOrientationLandscapeRight";
				LD_RUNPATH_SEARCH_PATHS = (
					"$(inherited)",
					"@executable_path/Frameworks",
				);
				MARKETING_VERSION = 1.0;
				PRODUCT_BUNDLE_IDENTIFIER = io.raosan.hnews;
				PRODUCT_NAME = "$(TARGET_NAME)";
				SWIFT_EMIT_LOC_STRINGS = YES;
				SWIFT_VERSION = 5.0;
				TARGETED_DEVICE_FAMILY = "1,2";
			};
			name = Debug;
		};
		3A23604B2A360B8300B2C7AF /* Release */ = {
			isa = XCBuildConfiguration;
			buildSettings = {
				ASSETCATALOG_COMPILER_APPICON_NAME = AppIcon;
				ASSETCATALOG_COMPILER_GLOBAL_ACCENT_COLOR_NAME = AccentColor;
				CODE_SIGN_STYLE = Automatic;
				CURRENT_PROJECT_VERSION = 1;
				DEVELOPMENT_ASSET_PATHS = "\"hnews/Preview Content\"";
				DEVELOPMENT_TEAM = KZVVB3HV42;
				ENABLE_PREVIEWS = YES;
				GENERATE_INFOPLIST_FILE = YES;
				INFOPLIST_KEY_UIApplicationSceneManifest_Generation = YES;
				INFOPLIST_KEY_UIApplicationSupportsIndirectInputEvents = YES;
				INFOPLIST_KEY_UILaunchScreen_Generation = YES;
				INFOPLIST_KEY_UISupportedInterfaceOrientations_iPad = "UIInterfaceOrientationPortrait UIInterfaceOrientationPortraitUpsideDown UIInterfaceOrientationLandscapeLeft UIInterfaceOrientationLandscapeRight";
				INFOPLIST_KEY_UISupportedInterfaceOrientations_iPhone = "UIInterfaceOrientationPortrait UIInterfaceOrientationLandscapeLeft UIInterfaceOrientationLandscapeRight";
				LD_RUNPATH_SEARCH_PATHS = (
					"$(inherited)",
					"@executable_path/Frameworks",
				);
				MARKETING_VERSION = 1.0;
				PRODUCT_BUNDLE_IDENTIFIER = io.raosan.hnews;
				PRODUCT_NAME = "$(TARGET_NAME)";
				SWIFT_EMIT_LOC_STRINGS = YES;
				SWIFT_VERSION = 5.0;
				TARGETED_DEVICE_FAMILY = "1,2";
			};
			name = Release;
		};
/* End XCBuildConfiguration section */

/* Begin XCConfigurationList section */
		3A2360362A360B8000B2C7AF /* Build configuration list for PBXProject "hnews" */ = {
			isa = XCConfigurationList;
			buildConfigurations = (
				3A2360472A360B8300B2C7AF /* Debug */,
				3A2360482A360B8300B2C7AF /* Release */,
			);
			defaultConfigurationIsVisible = 0;
			defaultConfigurationName = Release;
		};
		3A2360492A360B8300B2C7AF /* Build configuration list for PBXNativeTarget "hnews" */ = {
			isa = XCConfigurationList;
			buildConfigurations = (
				3A23604A2A360B8300B2C7AF /* Debug */,
				3A23604B2A360B8300B2C7AF /* Release */,
			);
			defaultConfigurationIsVisible = 0;
			defaultConfigurationName = Release;
		};
/* End XCConfigurationList section */
	};
	rootObject = 3A2360332A360B8000B2C7AF /* Project object */;
}
